// !$*UTF8*$!
{
	archiveVersion = 1;
	classes = {
	};
	objectVersion = 50;
	objects = {

/* Begin PBXBuildFile section */
		4C81280421FA93C400ED5647 /* AppDelegate.swift in Sources */ = {isa = PBXBuildFile; fileRef = 4C81280321FA93C400ED5647 /* AppDelegate.swift */; };
		4C81280621FA93C400ED5647 /* ViewController.swift in Sources */ = {isa = PBXBuildFile; fileRef = 4C81280521FA93C400ED5647 /* ViewController.swift */; };
		4C81280921FA93C400ED5647 /* Main.storyboard in Resources */ = {isa = PBXBuildFile; fileRef = 4C81280721FA93C400ED5647 /* Main.storyboard */; };
		4C81280B21FA93C700ED5647 /* Assets.xcassets in Resources */ = {isa = PBXBuildFile; fileRef = 4C81280A21FA93C700ED5647 /* Assets.xcassets */; };
		4C81280E21FA93C700ED5647 /* LaunchScreen.storyboard in Resources */ = {isa = PBXBuildFile; fileRef = 4C81280C21FA93C700ED5647 /* LaunchScreen.storyboard */; };
		4C81281921FA93C900ED5647 /* udderTests.swift in Sources */ = {isa = PBXBuildFile; fileRef = 4C81281821FA93C900ED5647 /* udderTests.swift */; };
		4C81282421FA93C900ED5647 /* udderUITests.swift in Sources */ = {isa = PBXBuildFile; fileRef = 4C81282321FA93C900ED5647 /* udderUITests.swift */; };
/* End PBXBuildFile section */

/* Begin PBXContainerItemProxy section */
		4C81281521FA93C900ED5647 /* PBXContainerItemProxy */ = {
			isa = PBXContainerItemProxy;
			containerPortal = 4C8127F821FA93C300ED5647 /* Project object */;
			proxyType = 1;
			remoteGlobalIDString = 4C8127FF21FA93C400ED5647;
			remoteInfo = udder;
		};
		4C81282021FA93C900ED5647 /* PBXContainerItemProxy */ = {
			isa = PBXContainerItemProxy;
			containerPortal = 4C8127F821FA93C300ED5647 /* Project object */;
			proxyType = 1;
			remoteGlobalIDString = 4C8127FF21FA93C400ED5647;
			remoteInfo = udder;
		};
/* End PBXContainerItemProxy section */

/* Begin PBXFileReference section */
		4C81280021FA93C400ED5647 /* udder.app */ = {isa = PBXFileReference; explicitFileType = wrapper.application; includeInIndex = 0; path = udder.app; sourceTree = BUILT_PRODUCTS_DIR; };
		4C81280321FA93C400ED5647 /* AppDelegate.swift */ = {isa = PBXFileReference; lastKnownFileType = sourcecode.swift; path = AppDelegate.swift; sourceTree = "<group>"; };
		4C81280521FA93C400ED5647 /* ViewController.swift */ = {isa = PBXFileReference; lastKnownFileType = sourcecode.swift; path = ViewController.swift; sourceTree = "<group>"; };
		4C81280821FA93C400ED5647 /* Base */ = {isa = PBXFileReference; lastKnownFileType = file.storyboard; name = Base; path = Base.lproj/Main.storyboard; sourceTree = "<group>"; };
		4C81280A21FA93C700ED5647 /* Assets.xcassets */ = {isa = PBXFileReference; lastKnownFileType = folder.assetcatalog; path = Assets.xcassets; sourceTree = "<group>"; };
		4C81280D21FA93C700ED5647 /* Base */ = {isa = PBXFileReference; lastKnownFileType = file.storyboard; name = Base; path = Base.lproj/LaunchScreen.storyboard; sourceTree = "<group>"; };
		4C81280F21FA93C700ED5647 /* Info.plist */ = {isa = PBXFileReference; lastKnownFileType = text.plist.xml; path = Info.plist; sourceTree = "<group>"; };
		4C81281421FA93C900ED5647 /* udderTests.xctest */ = {isa = PBXFileReference; explicitFileType = wrapper.cfbundle; includeInIndex = 0; path = udderTests.xctest; sourceTree = BUILT_PRODUCTS_DIR; };
		4C81281821FA93C900ED5647 /* udderTests.swift */ = {isa = PBXFileReference; lastKnownFileType = sourcecode.swift; path = udderTests.swift; sourceTree = "<group>"; };
		4C81281A21FA93C900ED5647 /* Info.plist */ = {isa = PBXFileReference; lastKnownFileType = text.plist.xml; path = Info.plist; sourceTree = "<group>"; };
		4C81281F21FA93C900ED5647 /* udderUITests.xctest */ = {isa = PBXFileReference; explicitFileType = wrapper.cfbundle; includeInIndex = 0; path = udderUITests.xctest; sourceTree = BUILT_PRODUCTS_DIR; };
		4C81282321FA93C900ED5647 /* udderUITests.swift */ = {isa = PBXFileReference; lastKnownFileType = sourcecode.swift; path = udderUITests.swift; sourceTree = "<group>"; };
		4C81282521FA93C900ED5647 /* Info.plist */ = {isa = PBXFileReference; lastKnownFileType = text.plist.xml; path = Info.plist; sourceTree = "<group>"; };
/* End PBXFileReference section */

/* Begin PBXFrameworksBuildPhase section */
		4C8127FD21FA93C400ED5647 /* Frameworks */ = {
			isa = PBXFrameworksBuildPhase;
			buildActionMask = 2147483647;
			files = (
			);
			runOnlyForDeploymentPostprocessing = 0;
		};
		4C81281121FA93C900ED5647 /* Frameworks */ = {
			isa = PBXFrameworksBuildPhase;
			buildActionMask = 2147483647;
			files = (
			);
			runOnlyForDeploymentPostprocessing = 0;
		};
		4C81281C21FA93C900ED5647 /* Frameworks */ = {
			isa = PBXFrameworksBuildPhase;
			buildActionMask = 2147483647;
			files = (
			);
			runOnlyForDeploymentPostprocessing = 0;
		};
/* End PBXFrameworksBuildPhase section */

/* Begin PBXGroup section */
		4C8127F721FA93C200ED5647 = {
			isa = PBXGroup;
			children = (
				4C81280221FA93C400ED5647 /* udder */,
				4C81281721FA93C900ED5647 /* udderTests */,
				4C81282221FA93C900ED5647 /* udderUITests */,
				4C81280121FA93C400ED5647 /* Products */,
			);
			sourceTree = "<group>";
		};
		4C81280121FA93C400ED5647 /* Products */ = {
			isa = PBXGroup;
			children = (
				4C81280021FA93C400ED5647 /* udder.app */,
				4C81281421FA93C900ED5647 /* udderTests.xctest */,
				4C81281F21FA93C900ED5647 /* udderUITests.xctest */,
			);
			name = Products;
			sourceTree = "<group>";
		};
		4C81280221FA93C400ED5647 /* udder */ = {
			isa = PBXGroup;
			children = (
				4C81280321FA93C400ED5647 /* AppDelegate.swift */,
				4C81280521FA93C400ED5647 /* ViewController.swift */,
				4C81280721FA93C400ED5647 /* Main.storyboard */,
				4C81280A21FA93C700ED5647 /* Assets.xcassets */,
				4C81280C21FA93C700ED5647 /* LaunchScreen.storyboard */,
				4C81280F21FA93C700ED5647 /* Info.plist */,
			);
			path = udder;
			sourceTree = "<group>";
		};
		4C81281721FA93C900ED5647 /* udderTests */ = {
			isa = PBXGroup;
			children = (
				4C81281821FA93C900ED5647 /* udderTests.swift */,
				4C81281A21FA93C900ED5647 /* Info.plist */,
			);
			path = udderTests;
			sourceTree = "<group>";
		};
		4C81282221FA93C900ED5647 /* udderUITests */ = {
			isa = PBXGroup;
			children = (
				4C81282321FA93C900ED5647 /* udderUITests.swift */,
				4C81282521FA93C900ED5647 /* Info.plist */,
			);
			path = udderUITests;
			sourceTree = "<group>";
		};
/* End PBXGroup section */

/* Begin PBXNativeTarget section */
		4C8127FF21FA93C400ED5647 /* udder */ = {
			isa = PBXNativeTarget;
			buildConfigurationList = 4C81282821FA93C900ED5647 /* Build configuration list for PBXNativeTarget "udder" */;
			buildPhases = (
				4C8127FC21FA93C400ED5647 /* Sources */,
				4C8127FD21FA93C400ED5647 /* Frameworks */,
				4C8127FE21FA93C400ED5647 /* Resources */,
			);
			buildRules = (
			);
			dependencies = (
			);
			name = udder;
			productName = udder;
			productReference = 4C81280021FA93C400ED5647 /* udder.app */;
			productType = "com.apple.product-type.application";
		};
		4C81281321FA93C900ED5647 /* udderTests */ = {
			isa = PBXNativeTarget;
			buildConfigurationList = 4C81282B21FA93C900ED5647 /* Build configuration list for PBXNativeTarget "udderTests" */;
			buildPhases = (
				4C81281021FA93C900ED5647 /* Sources */,
				4C81281121FA93C900ED5647 /* Frameworks */,
				4C81281221FA93C900ED5647 /* Resources */,
			);
			buildRules = (
			);
			dependencies = (
				4C81281621FA93C900ED5647 /* PBXTargetDependency */,
			);
			name = udderTests;
			productName = udderTests;
			productReference = 4C81281421FA93C900ED5647 /* udderTests.xctest */;
			productType = "com.apple.product-type.bundle.unit-test";
		};
		4C81281E21FA93C900ED5647 /* udderUITests */ = {
			isa = PBXNativeTarget;
			buildConfigurationList = 4C81282E21FA93C900ED5647 /* Build configuration list for PBXNativeTarget "udderUITests" */;
			buildPhases = (
				4C81281B21FA93C900ED5647 /* Sources */,
				4C81281C21FA93C900ED5647 /* Frameworks */,
				4C81281D21FA93C900ED5647 /* Resources */,
			);
			buildRules = (
			);
			dependencies = (
				4C81282121FA93C900ED5647 /* PBXTargetDependency */,
			);
			name = udderUITests;
			productName = udderUITests;
			productReference = 4C81281F21FA93C900ED5647 /* udderUITests.xctest */;
			productType = "com.apple.product-type.bundle.ui-testing";
		};
/* End PBXNativeTarget section */

/* Begin PBXProject section */
		4C8127F821FA93C300ED5647 /* Project object */ = {
			isa = PBXProject;
			attributes = {
				LastSwiftUpdateCheck = 1010;
				LastUpgradeCheck = 1010;
				ORGANIZATIONNAME = "Sean Zhan";
				TargetAttributes = {
					4C8127FF21FA93C400ED5647 = {
						CreatedOnToolsVersion = 10.1;
					};
					4C81281321FA93C900ED5647 = {
						CreatedOnToolsVersion = 10.1;
						TestTargetID = 4C8127FF21FA93C400ED5647;
					};
					4C81281E21FA93C900ED5647 = {
						CreatedOnToolsVersion = 10.1;
						TestTargetID = 4C8127FF21FA93C400ED5647;
					};
				};
			};
			buildConfigurationList = 4C8127FB21FA93C300ED5647 /* Build configuration list for PBXProject "udder" */;
			compatibilityVersion = "Xcode 9.3";
			developmentRegion = en;
			hasScannedForEncodings = 0;
			knownRegions = (
				en,
				Base,
			);
			mainGroup = 4C8127F721FA93C200ED5647;
			productRefGroup = 4C81280121FA93C400ED5647 /* Products */;
			projectDirPath = "";
			projectRoot = "";
			targets = (
				4C8127FF21FA93C400ED5647 /* udder */,
				4C81281321FA93C900ED5647 /* udderTests */,
				4C81281E21FA93C900ED5647 /* udderUITests */,
			);
		};
/* End PBXProject section */

/* Begin PBXResourcesBuildPhase section */
		4C8127FE21FA93C400ED5647 /* Resources */ = {
			isa = PBXResourcesBuildPhase;
			buildActionMask = 2147483647;
			files = (
				4C81280E21FA93C700ED5647 /* LaunchScreen.storyboard in Resources */,
				4C81280B21FA93C700ED5647 /* Assets.xcassets in Resources */,
				4C81280921FA93C400ED5647 /* Main.storyboard in Resources */,
			);
			runOnlyForDeploymentPostprocessing = 0;
		};
		4C81281221FA93C900ED5647 /* Resources */ = {
			isa = PBXResourcesBuildPhase;
			buildActionMask = 2147483647;
			files = (
			);
			runOnlyForDeploymentPostprocessing = 0;
		};
		4C81281D21FA93C900ED5647 /* Resources */ = {
			isa = PBXResourcesBuildPhase;
			buildActionMask = 2147483647;
			files = (
			);
			runOnlyForDeploymentPostprocessing = 0;
		};
/* End PBXResourcesBuildPhase section */

/* Begin PBXSourcesBuildPhase section */
		4C8127FC21FA93C400ED5647 /* Sources */ = {
			isa = PBXSourcesBuildPhase;
			buildActionMask = 2147483647;
			files = (
				4C81280621FA93C400ED5647 /* ViewController.swift in Sources */,
				4C81280421FA93C400ED5647 /* AppDelegate.swift in Sources */,
			);
			runOnlyForDeploymentPostprocessing = 0;
		};
		4C81281021FA93C900ED5647 /* Sources */ = {
			isa = PBXSourcesBuildPhase;
			buildActionMask = 2147483647;
			files = (
				4C81281921FA93C900ED5647 /* udderTests.swift in Sources */,
			);
			runOnlyForDeploymentPostprocessing = 0;
		};
		4C81281B21FA93C900ED5647 /* Sources */ = {
			isa = PBXSourcesBuildPhase;
			buildActionMask = 2147483647;
			files = (
				4C81282421FA93C900ED5647 /* udderUITests.swift in Sources */,
			);
			runOnlyForDeploymentPostprocessing = 0;
		};
/* End PBXSourcesBuildPhase section */

/* Begin PBXTargetDependency section */
		4C81281621FA93C900ED5647 /* PBXTargetDependency */ = {
			isa = PBXTargetDependency;
			target = 4C8127FF21FA93C400ED5647 /* udder */;
			targetProxy = 4C81281521FA93C900ED5647 /* PBXContainerItemProxy */;
		};
		4C81282121FA93C900ED5647 /* PBXTargetDependency */ = {
			isa = PBXTargetDependency;
			target = 4C8127FF21FA93C400ED5647 /* udder */;
			targetProxy = 4C81282021FA93C900ED5647 /* PBXContainerItemProxy */;
		};
/* End PBXTargetDependency section */

/* Begin PBXVariantGroup section */
		4C81280721FA93C400ED5647 /* Main.storyboard */ = {
			isa = PBXVariantGroup;
			children = (
				4C81280821FA93C400ED5647 /* Base */,
			);
			name = Main.storyboard;
			sourceTree = "<group>";
		};
		4C81280C21FA93C700ED5647 /* LaunchScreen.storyboard */ = {
			isa = PBXVariantGroup;
			children = (
				4C81280D21FA93C700ED5647 /* Base */,
			);
			name = LaunchScreen.storyboard;
			sourceTree = "<group>";
		};
/* End PBXVariantGroup section */

/* Begin XCBuildConfiguration section */
		4C81282621FA93C900ED5647 /* Debug */ = {
			isa = XCBuildConfiguration;
			buildSettings = {
				ALWAYS_SEARCH_USER_PATHS = NO;
				CLANG_ANALYZER_NONNULL = YES;
				CLANG_ANALYZER_NUMBER_OBJECT_CONVERSION = YES_AGGRESSIVE;
				CLANG_CXX_LANGUAGE_STANDARD = "gnu++14";
				CLANG_CXX_LIBRARY = "libc++";
				CLANG_ENABLE_MODULES = YES;
				CLANG_ENABLE_OBJC_ARC = YES;
				CLANG_ENABLE_OBJC_WEAK = YES;
				CLANG_WARN_BLOCK_CAPTURE_AUTORELEASING = YES;
				CLANG_WARN_BOOL_CONVERSION = YES;
				CLANG_WARN_COMMA = YES;
				CLANG_WARN_CONSTANT_CONVERSION = YES;
				CLANG_WARN_DEPRECATED_OBJC_IMPLEMENTATIONS = YES;
				CLANG_WARN_DIRECT_OBJC_ISA_USAGE = YES_ERROR;
				CLANG_WARN_DOCUMENTATION_COMMENTS = YES;
				CLANG_WARN_EMPTY_BODY = YES;
				CLANG_WARN_ENUM_CONVERSION = YES;
				CLANG_WARN_INFINITE_RECURSION = YES;
				CLANG_WARN_INT_CONVERSION = YES;
				CLANG_WARN_NON_LITERAL_NULL_CONVERSION = YES;
				CLANG_WARN_OBJC_IMPLICIT_RETAIN_SELF = YES;
				CLANG_WARN_OBJC_LITERAL_CONVERSION = YES;
				CLANG_WARN_OBJC_ROOT_CLASS = YES_ERROR;
				CLANG_WARN_RANGE_LOOP_ANALYSIS = YES;
				CLANG_WARN_STRICT_PROTOTYPES = YES;
				CLANG_WARN_SUSPICIOUS_MOVE = YES;
				CLANG_WARN_UNGUARDED_AVAILABILITY = YES_AGGRESSIVE;
				CLANG_WARN_UNREACHABLE_CODE = YES;
				CLANG_WARN__DUPLICATE_METHOD_MATCH = YES;
				CODE_SIGN_IDENTITY = "iPhone Developer";
				COPY_PHASE_STRIP = NO;
				DEBUG_INFORMATION_FORMAT = dwarf;
				ENABLE_STRICT_OBJC_MSGSEND = YES;
				ENABLE_TESTABILITY = YES;
				GCC_C_LANGUAGE_STANDARD = gnu11;
				GCC_DYNAMIC_NO_PIC = NO;
				GCC_NO_COMMON_BLOCKS = YES;
				GCC_OPTIMIZATION_LEVEL = 0;
				GCC_PREPROCESSOR_DEFINITIONS = (
					"DEBUG=1",
					"$(inherited)",
				);
				GCC_WARN_64_TO_32_BIT_CONVERSION = YES;
				GCC_WARN_ABOUT_RETURN_TYPE = YES_ERROR;
				GCC_WARN_UNDECLARED_SELECTOR = YES;
				GCC_WARN_UNINITIALIZED_AUTOS = YES_AGGRESSIVE;
				GCC_WARN_UNUSED_FUNCTION = YES;
				GCC_WARN_UNUSED_VARIABLE = YES;
				IPHONEOS_DEPLOYMENT_TARGET = 12.1;
				MTL_ENABLE_DEBUG_INFO = INCLUDE_SOURCE;
				MTL_FAST_MATH = YES;
				ONLY_ACTIVE_ARCH = YES;
				SDKROOT = iphoneos;
				SWIFT_ACTIVE_COMPILATION_CONDITIONS = DEBUG;
				SWIFT_OPTIMIZATION_LEVEL = "-Onone";
			};
			name = Debug;
		};
		4C81282721FA93C900ED5647 /* Release */ = {
			isa = XCBuildConfiguration;
			buildSettings = {
				ALWAYS_SEARCH_USER_PATHS = NO;
				CLANG_ANALYZER_NONNULL = YES;
				CLANG_ANALYZER_NUMBER_OBJECT_CONVERSION = YES_AGGRESSIVE;
				CLANG_CXX_LANGUAGE_STANDARD = "gnu++14";
				CLANG_CXX_LIBRARY = "libc++";
				CLANG_ENABLE_MODULES = YES;
				CLANG_ENABLE_OBJC_ARC = YES;
				CLANG_ENABLE_OBJC_WEAK = YES;
				CLANG_WARN_BLOCK_CAPTURE_AUTORELEASING = YES;
				CLANG_WARN_BOOL_CONVERSION = YES;
				CLANG_WARN_COMMA = YES;
				CLANG_WARN_CONSTANT_CONVERSION = YES;
				CLANG_WARN_DEPRECATED_OBJC_IMPLEMENTATIONS = YES;
				CLANG_WARN_DIRECT_OBJC_ISA_USAGE = YES_ERROR;
				CLANG_WARN_DOCUMENTATION_COMMENTS = YES;
				CLANG_WARN_EMPTY_BODY = YES;
				CLANG_WARN_ENUM_CONVERSION = YES;
				CLANG_WARN_INFINITE_RECURSION = YES;
				CLANG_WARN_INT_CONVERSION = YES;
				CLANG_WARN_NON_LITERAL_NULL_CONVERSION = YES;
				CLANG_WARN_OBJC_IMPLICIT_RETAIN_SELF = YES;
				CLANG_WARN_OBJC_LITERAL_CONVERSION = YES;
				CLANG_WARN_OBJC_ROOT_CLASS = YES_ERROR;
				CLANG_WARN_RANGE_LOOP_ANALYSIS = YES;
				CLANG_WARN_STRICT_PROTOTYPES = YES;
				CLANG_WARN_SUSPICIOUS_MOVE = YES;
				CLANG_WARN_UNGUARDED_AVAILABILITY = YES_AGGRESSIVE;
				CLANG_WARN_UNREACHABLE_CODE = YES;
				CLANG_WARN__DUPLICATE_METHOD_MATCH = YES;
				CODE_SIGN_IDENTITY = "iPhone Developer";
				COPY_PHASE_STRIP = NO;
				DEBUG_INFORMATION_FORMAT = "dwarf-with-dsym";
				ENABLE_NS_ASSERTIONS = NO;
				ENABLE_STRICT_OBJC_MSGSEND = YES;
				GCC_C_LANGUAGE_STANDARD = gnu11;
				GCC_NO_COMMON_BLOCKS = YES;
				GCC_WARN_64_TO_32_BIT_CONVERSION = YES;
				GCC_WARN_ABOUT_RETURN_TYPE = YES_ERROR;
				GCC_WARN_UNDECLARED_SELECTOR = YES;
				GCC_WARN_UNINITIALIZED_AUTOS = YES_AGGRESSIVE;
				GCC_WARN_UNUSED_FUNCTION = YES;
				GCC_WARN_UNUSED_VARIABLE = YES;
				IPHONEOS_DEPLOYMENT_TARGET = 12.1;
				MTL_ENABLE_DEBUG_INFO = NO;
				MTL_FAST_MATH = YES;
				SDKROOT = iphoneos;
				SWIFT_COMPILATION_MODE = wholemodule;
				SWIFT_OPTIMIZATION_LEVEL = "-O";
				VALIDATE_PRODUCT = YES;
			};
			name = Release;
		};
		4C81282921FA93C900ED5647 /* Debug */ = {
			isa = XCBuildConfiguration;
			buildSettings = {
				ASSETCATALOG_COMPILER_APPICON_NAME = AppIcon;
				CODE_SIGN_STYLE = Automatic;
				DEVELOPMENT_TEAM = CP6MK58QNN;
				INFOPLIST_FILE = udder/Info.plist;
				LD_RUNPATH_SEARCH_PATHS = (
					"$(inherited)",
					"@executable_path/Frameworks",
				);
				PRODUCT_BUNDLE_IDENTIFIER = org.cate.cs.SeanZhan.udder;
				PRODUCT_NAME = "$(TARGET_NAME)";
				SWIFT_VERSION = 4.2;
				TARGETED_DEVICE_FAMILY = "1,2";
			};
			name = Debug;
		};
		4C81282A21FA93C900ED5647 /* Release */ = {
			isa = XCBuildConfiguration;
			buildSettings = {
				ASSETCATALOG_COMPILER_APPICON_NAME = AppIcon;
				CODE_SIGN_STYLE = Automatic;
				DEVELOPMENT_TEAM = CP6MK58QNN;
				INFOPLIST_FILE = udder/Info.plist;
				LD_RUNPATH_SEARCH_PATHS = (
					"$(inherited)",
					"@executable_path/Frameworks",
				);
				PRODUCT_BUNDLE_IDENTIFIER = org.cate.cs.SeanZhan.udder;
				PRODUCT_NAME = "$(TARGET_NAME)";
				SWIFT_VERSION = 4.2;
				TARGETED_DEVICE_FAMILY = "1,2";
			};
			name = Release;
		};
		4C81282C21FA93C900ED5647 /* Debug */ = {
			isa = XCBuildConfiguration;
			buildSettings = {
				ALWAYS_EMBED_SWIFT_STANDARD_LIBRARIES = YES;
				BUNDLE_LOADER = "$(TEST_HOST)";
				CODE_SIGN_STYLE = Automatic;
				DEVELOPMENT_TEAM = CP6MK58QNN;
				INFOPLIST_FILE = udderTests/Info.plist;
				LD_RUNPATH_SEARCH_PATHS = (
					"$(inherited)",
					"@executable_path/Frameworks",
					"@loader_path/Frameworks",
				);
				PRODUCT_BUNDLE_IDENTIFIER = org.cate.cs.SeanZhan.udderTests;
				PRODUCT_NAME = "$(TARGET_NAME)";
				SWIFT_VERSION = 4.2;
				TARGETED_DEVICE_FAMILY = "1,2";
				TEST_HOST = "$(BUILT_PRODUCTS_DIR)/udder.app/udder";
			};
			name = Debug;
		};
		4C81282D21FA93C900ED5647 /* Release */ = {
			isa = XCBuildConfiguration;
			buildSettings = {
				ALWAYS_EMBED_SWIFT_STANDARD_LIBRARIES = YES;
				BUNDLE_LOADER = "$(TEST_HOST)";
				CODE_SIGN_STYLE = Automatic;
				DEVELOPMENT_TEAM = CP6MK58QNN;
				INFOPLIST_FILE = udderTests/Info.plist;
				LD_RUNPATH_SEARCH_PATHS = (
					"$(inherited)",
					"@executable_path/Frameworks",
					"@loader_path/Frameworks",
				);
				PRODUCT_BUNDLE_IDENTIFIER = org.cate.cs.SeanZhan.udderTests;
				PRODUCT_NAME = "$(TARGET_NAME)";
				SWIFT_VERSION = 4.2;
				TARGETED_DEVICE_FAMILY = "1,2";
				TEST_HOST = "$(BUILT_PRODUCTS_DIR)/udder.app/udder";
			};
			name = Release;
		};
		4C81282F21FA93C900ED5647 /* Debug */ = {
			isa = XCBuildConfiguration;
			buildSettings = {
				ALWAYS_EMBED_SWIFT_STANDARD_LIBRARIES = YES;
				CODE_SIGN_STYLE = Automatic;
				DEVELOPMENT_TEAM = CP6MK58QNN;
				INFOPLIST_FILE = udderUITests/Info.plist;
				LD_RUNPATH_SEARCH_PATHS = (
					"$(inherited)",
					"@executable_path/Frameworks",
					"@loader_path/Frameworks",
				);
				PRODUCT_BUNDLE_IDENTIFIER = org.cate.cs.SeanZhan.udderUITests;
				PRODUCT_NAME = "$(TARGET_NAME)";
				SWIFT_VERSION = 4.2;
				TARGETED_DEVICE_FAMILY = "1,2";
				TEST_TARGET_NAME = udder;
			};
			name = Debug;
		};
		4C81283021FA93C900ED5647 /* Release */ = {
			isa = XCBuildConfiguration;
			buildSettings = {
				ALWAYS_EMBED_SWIFT_STANDARD_LIBRARIES = YES;
				CODE_SIGN_STYLE = Automatic;
				DEVELOPMENT_TEAM = CP6MK58QNN;
				INFOPLIST_FILE = udderUITests/Info.plist;
				LD_RUNPATH_SEARCH_PATHS = (
					"$(inherited)",
					"@executable_path/Frameworks",
					"@loader_path/Frameworks",
				);
				PRODUCT_BUNDLE_IDENTIFIER = org.cate.cs.SeanZhan.udderUITests;
				PRODUCT_NAME = "$(TARGET_NAME)";
				SWIFT_VERSION = 4.2;
				TARGETED_DEVICE_FAMILY = "1,2";
				TEST_TARGET_NAME = udder;
			};
			name = Release;
		};
/* End XCBuildConfiguration section */

/* Begin XCConfigurationList section */
		4C8127FB21FA93C300ED5647 /* Build configuration list for PBXProject "udder" */ = {
			isa = XCConfigurationList;
			buildConfigurations = (
				4C81282621FA93C900ED5647 /* Debug */,
				4C81282721FA93C900ED5647 /* Release */,
			);
			defaultConfigurationIsVisible = 0;
			defaultConfigurationName = Release;
		};
		4C81282821FA93C900ED5647 /* Build configuration list for PBXNativeTarget "udder" */ = {
			isa = XCConfigurationList;
			buildConfigurations = (
				4C81282921FA93C900ED5647 /* Debug */,
				4C81282A21FA93C900ED5647 /* Release */,
			);
			defaultConfigurationIsVisible = 0;
			defaultConfigurationName = Release;
		};
		4C81282B21FA93C900ED5647 /* Build configuration list for PBXNativeTarget "udderTests" */ = {
			isa = XCConfigurationList;
			buildConfigurations = (
				4C81282C21FA93C900ED5647 /* Debug */,
				4C81282D21FA93C900ED5647 /* Release */,
			);
			defaultConfigurationIsVisible = 0;
			defaultConfigurationName = Release;
		};
		4C81282E21FA93C900ED5647 /* Build configuration list for PBXNativeTarget "udderUITests" */ = {
			isa = XCConfigurationList;
			buildConfigurations = (
				4C81282F21FA93C900ED5647 /* Debug */,
				4C81283021FA93C900ED5647 /* Release */,
			);
			defaultConfigurationIsVisible = 0;
			defaultConfigurationName = Release;
		};
/* End XCConfigurationList section */
	};
	rootObject = 4C8127F821FA93C300ED5647 /* Project object */;
}
